
Microsoft Visual Studio Solution File, Format Version 12.00
# Visual Studio Version 17
VisualStudioVersion = 17.1.32407.343
MinimumVisualStudioVersion = 10.0.40219.1
Project("{8BC9CEB8-8B4A-11D0-8D11-00A0C91BC942}") = "Basic", "Basic\Basic.vcxproj", "{7F9B5039-6CAD-455D-9B80-C8162DFA5F7A}"
EndProject
Project("{8BC9CEB8-8B4A-11D0-8D11-00A0C91BC942}") = "ClassTest", "ClassTest\ClassTest.vcxproj", "{0C87A284-4BE9-4D26-9262-3128AD91D74D}"
EndProject
Project("{8BC9CEB8-8B4A-11D0-8D11-00A0C91BC942}") = "DataStructure", "DataStructure\DataStructure.vcxproj", "{FBFF7776-ED68-4EB7-845F-9C643A373929}"
EndProject
Global
	GlobalSection(SolutionConfigurationPlatforms) = preSolution
		Debug|x64 = Debug|x64
		Debug|x86 = Debug|x86
		Release|x64 = Release|x64
		Release|x86 = Release|x86
	EndGlobalSection
	GlobalSection(ProjectConfigurationPlatforms) = postSolution
		{7F9B5039-6CAD-455D-9B80-C8162DFA5F7A}.Debug|x64.ActiveCfg = Debug|x64
		{7F9B5039-6CAD-455D-9B80-C8162DFA5F7A}.Debug|x64.Build.0 = Debug|x64
		{7F9B5039-6CAD-455D-9B80-C8162DFA5F7A}.Debug|x86.ActiveCfg = Debug|Win32
		{7F9B5039-6CAD-455D-9B80-C8162DFA5F7A}.Debug|x86.Build.0 = Debug|Win32
		{7F9B5039-6CAD-455D-9B80-C8162DFA5F7A}.Release|x64.ActiveCfg = Release|x64
		{7F9B5039-6CAD-455D-9B80-C8162DFA5F7A}.Release|x64.Build.0 = Release|x64
		{7F9B5039-6CAD-455D-9B80-C8162DFA5F7A}.Release|x86.ActiveCfg = Release|Win32
		{7F9B5039-6CAD-455D-9B80-C8162DFA5F7A}.Release|x86.Build.0 = Release|Win32
		{0C87A284-4BE9-4D26-9262-3128AD91D74D}.Debug|x64.ActiveCfg = Debug|x64
		{0C87A284-4BE9-4D26-9262-3128AD91D74D}.Debug|x64.Build.0 = Debug|x64
		{0C87A284-4BE9-4D26-9262-3128AD91D74D}.Debug|x86.ActiveCfg = Debug|Win32
		{0C87A284-4BE9-4D26-9262-3128AD91D74D}.Debug|x86.Build.0 = Debug|Win32
		{0C87A284-4BE9-4D26-9262-3128AD91D74D}.Release|x64.ActiveCfg = Release|x64
		{0C87A284-4BE9-4D26-9262-3128AD91D74D}.Release|x64.Build.0 = Release|x64
		{0C87A284-4BE9-4D26-9262-3128AD91D74D}.Release|x86.ActiveCfg = Release|Win32
		{0C87A284-4BE9-4D26-9262-3128AD91D74D}.Release|x86.Build.0 = Release|Win32
		{FBFF7776-ED68-4EB7-845F-9C643A373929}.Debug|x64.ActiveCfg = Debug|x64
		{FBFF7776-ED68-4EB7-845F-9C643A373929}.Debug|x64.Build.0 = Debug|x64
		{FBFF7776-ED68-4EB7-845F-9C643A373929}.Debug|x86.ActiveCfg = Debug|Win32
		{FBFF7776-ED68-4EB7-845F-9C643A373929}.Debug|x86.Build.0 = Debug|Win32
		{FBFF7776-ED68-4EB7-845F-9C643A373929}.Release|x64.ActiveCfg = Release|x64
		{FBFF7776-ED68-4EB7-845F-9C643A373929}.Release|x64.Build.0 = Release|x64
		{FBFF7776-ED68-4EB7-845F-9C643A373929}.Release|x86.ActiveCfg = Release|Win32
		{FBFF7776-ED68-4EB7-845F-9C643A373929}.Release|x86.Build.0 = Release|Win32
	EndGlobalSection
	GlobalSection(SolutionProperties) = preSolution
		HideSolutionNode = FALSE
	EndGlobalSection
	GlobalSection(ExtensibilityGlobals) = postSolution
		SolutionGuid = {9321CD11-B598-42F4-820C-62398F1FC3A4}
	EndGlobalSection
EndGlobal
